
Microsoft Visual Studio Solution File, Format Version 12.00
# Visual Studio Version 17
VisualStudioVersion = 17.1.32414.318
MinimumVisualStudioVersion = 15.0.26124.0
Project("{2150E333-8FDC-42A3-9474-1A3956D46DE8}") = "Web", "Web", "{91300A3B-963A-4745-AFDE-D3B691B3EAFD}"
EndProject
Project("{2150E333-8FDC-42A3-9474-1A3956D46DE8}") = "OuterApi", "OuterApi", "{251F69F5-1FF2-4AE1-8CC0-7D05684D8C51}"
EndProject
Project("{2150E333-8FDC-42A3-9474-1A3956D46DE8}") = "InnerApi", "InnerApi", "{00BC700D-D438-46D4-8AFA-6B3B9ABC0EFF}"
EndProject
Project("{2150E333-8FDC-42A3-9474-1A3956D46DE8}") = "Tests", "Tests", "{4C0287BC-6C56-48D1-BD20-CC892901A417}"
EndProject
Project("{2150E333-8FDC-42A3-9474-1A3956D46DE8}") = "Tests", "Tests", "{F51D297F-F633-4EF8-981D-A3CCBB540379}"
EndProject
Project("{2150E333-8FDC-42A3-9474-1A3956D46DE8}") = "Tests", "Tests", "{7F8841A3-EE80-437B-A9ED-A5360BE41563}"
EndProject
Project("{9A19103F-16F7-4668-BE54-9A1E7A4F7556}") = "SFA.DAS.Roatp.CourseManagement.Domain", "src\SFA.DAS.Roatp.CourseManagement.Domain\SFA.DAS.Roatp.CourseManagement.Domain.csproj", "{8F3FD654-154F-4B40-9DDC-74F5C088A6F6}"
EndProject
Project("{9A19103F-16F7-4668-BE54-9A1E7A4F7556}") = "SFA.DAS.Roatp.CourseManagement.Application", "src\SFA.DAS.Roatp.CourseManagement.Application\SFA.DAS.Roatp.CourseManagement.Application.csproj", "{14CEA4E3-65CA-4233-B811-3E0E593D7AF0}"
EndProject
Project("{9A19103F-16F7-4668-BE54-9A1E7A4F7556}") = "SFA.DAS.Roatp.CourseManagement.Infrastructure", "src\SFA.DAS.Roatp.CourseManagement.Infrastructure\SFA.DAS.Roatp.CourseManagement.Infrastructure.csproj", "{39843CD2-F1A3-42CC-8890-20ADECC023CD}"
EndProject
Project("{9A19103F-16F7-4668-BE54-9A1E7A4F7556}") = "SFA.DAS.Roatp.CourseManagement.Web", "src\SFA.DAS.Roatp.CourseManagement.Web\SFA.DAS.Roatp.CourseManagement.Web.csproj", "{B469475B-61F5-4810-8303-611D6145F362}"
EndProject
Project("{9A19103F-16F7-4668-BE54-9A1E7A4F7556}") = "SFA.DAS.Roatp.CourseManagement.Web.UnitTests", "src\SFA.DAS.Roatp.CourseManagement.Web.UnitTests\SFA.DAS.Roatp.CourseManagement.Web.UnitTests.csproj", "{109768F0-B3FF-438B-A99A-F5E2861918B1}"
EndProject
Project("{9A19103F-16F7-4668-BE54-9A1E7A4F7556}") = "SFA.DAS.Roatp.CourseManagement", "..\das-apim-endpoints\src\SFA.DAS.Roatp.CourseManagement\SFA.DAS.Roatp.CourseManagement.csproj", "{60900D13-4313-4D9C-A9F2-81C3FD99E6F2}"
EndProject
Project("{9A19103F-16F7-4668-BE54-9A1E7A4F7556}") = "SFA.DAS.Roatp.CourseManagement.Api", "..\das-apim-endpoints\src\SFA.DAS.Roatp.CourseManagement.Api\SFA.DAS.Roatp.CourseManagement.Api.csproj", "{98056012-1AE5-47E4-AC30-0EF8DA25F637}"
EndProject
Project("{9A19103F-16F7-4668-BE54-9A1E7A4F7556}") = "SFA.DAS.Roatp.CourseManagement.Api.UnitTests", "..\das-apim-endpoints\src\SFA.DAS.Roatp.CourseManagement.Api.UnitTests\SFA.DAS.Roatp.CourseManagement.Api.UnitTests.csproj", "{A9A8BD9A-6318-4114-953E-4170A38BDB84}"
EndProject
Project("{9A19103F-16F7-4668-BE54-9A1E7A4F7556}") = "SFA.DAS.Roatp.CourseManagement.UnitTests", "..\das-apim-endpoints\src\SFA.DAS.Roatp.CourseManagement.UnitTests\SFA.DAS.Roatp.CourseManagement.UnitTests.csproj", "{11998D95-3474-4842-87EF-A999185A052B}"
EndProject
Project("{9A19103F-16F7-4668-BE54-9A1E7A4F7556}") = "SFA.DAS.Roatp.Domain", "..\das-roatp-api\src\SFA.DAS.Roatp.Domain\SFA.DAS.Roatp.Domain.csproj", "{84B2AAB0-839D-4561-8CED-C791ADACE21B}"
EndProject
Project("{9A19103F-16F7-4668-BE54-9A1E7A4F7556}") = "SFA.DAS.Roatp.Data", "..\das-roatp-api\src\SFA.DAS.Roatp.Data\SFA.DAS.Roatp.Data.csproj", "{FC34FBE8-E5D6-42DC-AEF7-51D581BD3204}"
EndProject
Project("{00D1A9C2-B5F0-4AF3-8072-F6C62B433612}") = "SFA.DAS.Roatp.Database", "..\das-roatp-api\src\SFA.DAS.Roatp.Database\SFA.DAS.Roatp.Database.sqlproj", "{20495B80-9725-4529-92DD-DC9D5D442B40}"
EndProject
Project("{9A19103F-16F7-4668-BE54-9A1E7A4F7556}") = "SFA.DAS.Roatp.Api", "..\das-roatp-api\src\SFA.DAS.Roatp.Api\SFA.DAS.Roatp.Api.csproj", "{8D8FA416-9D58-4D44-BB86-867AFF3CCB7F}"
EndProject
Project("{9A19103F-16F7-4668-BE54-9A1E7A4F7556}") = "SFA.DAS.Roatp.Api.UnitTests", "..\das-roatp-api\src\SFA.DAS.Roatp.Api.UnitTests\SFA.DAS.Roatp.Api.UnitTests.csproj", "{6BC66EF2-3245-4F06-B418-A9D12CA07A9C}"
EndProject
Project("{9A19103F-16F7-4668-BE54-9A1E7A4F7556}") = "SFA.DAS.SharedOuterApi", "..\das-apim-endpoints\src\SFA.DAS.SharedOuterApi\SFA.DAS.SharedOuterApi.csproj", "{205A4B52-896E-4F41-8F6C-BC31252F13B2}"
EndProject
Project("{2150E333-8FDC-42A3-9474-1A3956D46DE8}") = "Jobs", "Jobs", "{9E69AAE0-CC53-4D10-B291-0786A6C74A60}"
EndProject
Project("{9A19103F-16F7-4668-BE54-9A1E7A4F7556}") = "SFA.DAS.Roatp.CourseManagement.Jobs", "..\das-roatp-coursemanagement-jobs\src\SFA.DAS.Roatp.CourseManagement.Jobs\SFA.DAS.Roatp.CourseManagement.Jobs.csproj", "{717992D3-F287-460F-91A1-0682649436E7}"
EndProject
Project("{2150E333-8FDC-42A3-9474-1A3956D46DE8}") = "Tests", "Tests", "{A7771F6C-CBB1-4FEF-922B-A885A871C975}"
EndProject
Project("{9A19103F-16F7-4668-BE54-9A1E7A4F7556}") = "SFA.DAS.Roatp.CourseManagement.Application.UnitTests", "src\SFA.DAS.Roatp.CourseManagement.Application.UnitTests\SFA.DAS.Roatp.CourseManagement.Application.UnitTests.csproj", "{D7691564-1D52-4C3D-8C03-963596F32EB0}"
EndProject
Project("{9A19103F-16F7-4668-BE54-9A1E7A4F7556}") = "SFA.DAS.Roatp.CourseManagement.Domain.UnitTests", "src\SFA.DAS.Roatp.CourseManagement.Domain.UnitTests\SFA.DAS.Roatp.CourseManagement.Domain.UnitTests.csproj", "{4A8D6FAF-E662-46CA-ADE3-DC8E0CE280A2}"
EndProject
Project("{9A19103F-16F7-4668-BE54-9A1E7A4F7556}") = "SFA.DAS.Roatp.CourseManagement.Infrastructure.UnitTests", "src\SFA.DAS.Roatp.CourseManagement.Infrastructure.UnitTests\SFA.DAS.Roatp.CourseManagement.Infrastructure.UnitTests.csproj", "{5C05C3C6-F0DE-4FE9-8496-85343E59054D}"
EndProject
Project("{9A19103F-16F7-4668-BE54-9A1E7A4F7556}") = "SFA.DAS.Roatp.Application.UnitTests", "..\das-roatp-api\src\SFA.DAS.Roatp.Application.UnitTests\SFA.DAS.Roatp.Application.UnitTests.csproj", "{D78A96F1-C5BD-4B23-B0FC-9FA1BC0E55C1}"
EndProject
Project("{9A19103F-16F7-4668-BE54-9A1E7A4F7556}") = "SFA.DAS.Roatp.Application", "..\das-roatp-api\src\SFA.DAS.Roatp.Application\SFA.DAS.Roatp.Application.csproj", "{963D5490-5AF0-4C6E-947D-268DF5BF6097}"
EndProject
Global
	GlobalSection(SolutionConfigurationPlatforms) = preSolution
		Debug|Any CPU = Debug|Any CPU
		Debug|x64 = Debug|x64
		Debug|x86 = Debug|x86
		Release|Any CPU = Release|Any CPU
		Release|x64 = Release|x64
		Release|x86 = Release|x86
	EndGlobalSection
	GlobalSection(ProjectConfigurationPlatforms) = postSolution
		{8F3FD654-154F-4B40-9DDC-74F5C088A6F6}.Debug|Any CPU.ActiveCfg = Debug|Any CPU
		{8F3FD654-154F-4B40-9DDC-74F5C088A6F6}.Debug|Any CPU.Build.0 = Debug|Any CPU
		{8F3FD654-154F-4B40-9DDC-74F5C088A6F6}.Debug|x64.ActiveCfg = Debug|Any CPU
		{8F3FD654-154F-4B40-9DDC-74F5C088A6F6}.Debug|x64.Build.0 = Debug|Any CPU
		{8F3FD654-154F-4B40-9DDC-74F5C088A6F6}.Debug|x86.ActiveCfg = Debug|Any CPU
		{8F3FD654-154F-4B40-9DDC-74F5C088A6F6}.Debug|x86.Build.0 = Debug|Any CPU
		{8F3FD654-154F-4B40-9DDC-74F5C088A6F6}.Release|Any CPU.ActiveCfg = Release|Any CPU
		{8F3FD654-154F-4B40-9DDC-74F5C088A6F6}.Release|Any CPU.Build.0 = Release|Any CPU
		{8F3FD654-154F-4B40-9DDC-74F5C088A6F6}.Release|x64.ActiveCfg = Release|Any CPU
		{8F3FD654-154F-4B40-9DDC-74F5C088A6F6}.Release|x64.Build.0 = Release|Any CPU
		{8F3FD654-154F-4B40-9DDC-74F5C088A6F6}.Release|x86.ActiveCfg = Release|Any CPU
		{8F3FD654-154F-4B40-9DDC-74F5C088A6F6}.Release|x86.Build.0 = Release|Any CPU
		{14CEA4E3-65CA-4233-B811-3E0E593D7AF0}.Debug|Any CPU.ActiveCfg = Debug|Any CPU
		{14CEA4E3-65CA-4233-B811-3E0E593D7AF0}.Debug|Any CPU.Build.0 = Debug|Any CPU
		{14CEA4E3-65CA-4233-B811-3E0E593D7AF0}.Debug|x64.ActiveCfg = Debug|Any CPU
		{14CEA4E3-65CA-4233-B811-3E0E593D7AF0}.Debug|x64.Build.0 = Debug|Any CPU
		{14CEA4E3-65CA-4233-B811-3E0E593D7AF0}.Debug|x86.ActiveCfg = Debug|Any CPU
		{14CEA4E3-65CA-4233-B811-3E0E593D7AF0}.Debug|x86.Build.0 = Debug|Any CPU
		{14CEA4E3-65CA-4233-B811-3E0E593D7AF0}.Release|Any CPU.ActiveCfg = Release|Any CPU
		{14CEA4E3-65CA-4233-B811-3E0E593D7AF0}.Release|Any CPU.Build.0 = Release|Any CPU
		{14CEA4E3-65CA-4233-B811-3E0E593D7AF0}.Release|x64.ActiveCfg = Release|Any CPU
		{14CEA4E3-65CA-4233-B811-3E0E593D7AF0}.Release|x64.Build.0 = Release|Any CPU
		{14CEA4E3-65CA-4233-B811-3E0E593D7AF0}.Release|x86.ActiveCfg = Release|Any CPU
		{14CEA4E3-65CA-4233-B811-3E0E593D7AF0}.Release|x86.Build.0 = Release|Any CPU
		{39843CD2-F1A3-42CC-8890-20ADECC023CD}.Debug|Any CPU.ActiveCfg = Debug|Any CPU
		{39843CD2-F1A3-42CC-8890-20ADECC023CD}.Debug|Any CPU.Build.0 = Debug|Any CPU
		{39843CD2-F1A3-42CC-8890-20ADECC023CD}.Debug|x64.ActiveCfg = Debug|Any CPU
		{39843CD2-F1A3-42CC-8890-20ADECC023CD}.Debug|x64.Build.0 = Debug|Any CPU
		{39843CD2-F1A3-42CC-8890-20ADECC023CD}.Debug|x86.ActiveCfg = Debug|Any CPU
		{39843CD2-F1A3-42CC-8890-20ADECC023CD}.Debug|x86.Build.0 = Debug|Any CPU
		{39843CD2-F1A3-42CC-8890-20ADECC023CD}.Release|Any CPU.ActiveCfg = Release|Any CPU
		{39843CD2-F1A3-42CC-8890-20ADECC023CD}.Release|Any CPU.Build.0 = Release|Any CPU
		{39843CD2-F1A3-42CC-8890-20ADECC023CD}.Release|x64.ActiveCfg = Release|Any CPU
		{39843CD2-F1A3-42CC-8890-20ADECC023CD}.Release|x64.Build.0 = Release|Any CPU
		{39843CD2-F1A3-42CC-8890-20ADECC023CD}.Release|x86.ActiveCfg = Release|Any CPU
		{39843CD2-F1A3-42CC-8890-20ADECC023CD}.Release|x86.Build.0 = Release|Any CPU
		{B469475B-61F5-4810-8303-611D6145F362}.Debug|Any CPU.ActiveCfg = Debug|Any CPU
		{B469475B-61F5-4810-8303-611D6145F362}.Debug|Any CPU.Build.0 = Debug|Any CPU
		{B469475B-61F5-4810-8303-611D6145F362}.Debug|x64.ActiveCfg = Debug|Any CPU
		{B469475B-61F5-4810-8303-611D6145F362}.Debug|x64.Build.0 = Debug|Any CPU
		{B469475B-61F5-4810-8303-611D6145F362}.Debug|x86.ActiveCfg = Debug|Any CPU
		{B469475B-61F5-4810-8303-611D6145F362}.Debug|x86.Build.0 = Debug|Any CPU
		{B469475B-61F5-4810-8303-611D6145F362}.Release|Any CPU.ActiveCfg = Release|Any CPU
		{B469475B-61F5-4810-8303-611D6145F362}.Release|Any CPU.Build.0 = Release|Any CPU
		{B469475B-61F5-4810-8303-611D6145F362}.Release|x64.ActiveCfg = Release|Any CPU
		{B469475B-61F5-4810-8303-611D6145F362}.Release|x64.Build.0 = Release|Any CPU
		{B469475B-61F5-4810-8303-611D6145F362}.Release|x86.ActiveCfg = Release|Any CPU
		{B469475B-61F5-4810-8303-611D6145F362}.Release|x86.Build.0 = Release|Any CPU
		{109768F0-B3FF-438B-A99A-F5E2861918B1}.Debug|Any CPU.ActiveCfg = Debug|Any CPU
		{109768F0-B3FF-438B-A99A-F5E2861918B1}.Debug|Any CPU.Build.0 = Debug|Any CPU
		{109768F0-B3FF-438B-A99A-F5E2861918B1}.Debug|x64.ActiveCfg = Debug|Any CPU
		{109768F0-B3FF-438B-A99A-F5E2861918B1}.Debug|x64.Build.0 = Debug|Any CPU
		{109768F0-B3FF-438B-A99A-F5E2861918B1}.Debug|x86.ActiveCfg = Debug|Any CPU
		{109768F0-B3FF-438B-A99A-F5E2861918B1}.Debug|x86.Build.0 = Debug|Any CPU
		{109768F0-B3FF-438B-A99A-F5E2861918B1}.Release|Any CPU.ActiveCfg = Release|Any CPU
		{109768F0-B3FF-438B-A99A-F5E2861918B1}.Release|Any CPU.Build.0 = Release|Any CPU
		{109768F0-B3FF-438B-A99A-F5E2861918B1}.Release|x64.ActiveCfg = Release|Any CPU
		{109768F0-B3FF-438B-A99A-F5E2861918B1}.Release|x64.Build.0 = Release|Any CPU
		{109768F0-B3FF-438B-A99A-F5E2861918B1}.Release|x86.ActiveCfg = Release|Any CPU
		{109768F0-B3FF-438B-A99A-F5E2861918B1}.Release|x86.Build.0 = Release|Any CPU
		{60900D13-4313-4D9C-A9F2-81C3FD99E6F2}.Debug|Any CPU.ActiveCfg = Debug|Any CPU
		{60900D13-4313-4D9C-A9F2-81C3FD99E6F2}.Debug|Any CPU.Build.0 = Debug|Any CPU
		{60900D13-4313-4D9C-A9F2-81C3FD99E6F2}.Debug|x64.ActiveCfg = Debug|Any CPU
		{60900D13-4313-4D9C-A9F2-81C3FD99E6F2}.Debug|x64.Build.0 = Debug|Any CPU
		{60900D13-4313-4D9C-A9F2-81C3FD99E6F2}.Debug|x86.ActiveCfg = Debug|Any CPU
		{60900D13-4313-4D9C-A9F2-81C3FD99E6F2}.Debug|x86.Build.0 = Debug|Any CPU
		{60900D13-4313-4D9C-A9F2-81C3FD99E6F2}.Release|Any CPU.ActiveCfg = Release|Any CPU
		{60900D13-4313-4D9C-A9F2-81C3FD99E6F2}.Release|Any CPU.Build.0 = Release|Any CPU
		{60900D13-4313-4D9C-A9F2-81C3FD99E6F2}.Release|x64.ActiveCfg = Release|Any CPU
		{60900D13-4313-4D9C-A9F2-81C3FD99E6F2}.Release|x64.Build.0 = Release|Any CPU
		{60900D13-4313-4D9C-A9F2-81C3FD99E6F2}.Release|x86.ActiveCfg = Release|Any CPU
		{60900D13-4313-4D9C-A9F2-81C3FD99E6F2}.Release|x86.Build.0 = Release|Any CPU
		{98056012-1AE5-47E4-AC30-0EF8DA25F637}.Debug|Any CPU.ActiveCfg = Debug|Any CPU
		{98056012-1AE5-47E4-AC30-0EF8DA25F637}.Debug|Any CPU.Build.0 = Debug|Any CPU
		{98056012-1AE5-47E4-AC30-0EF8DA25F637}.Debug|x64.ActiveCfg = Debug|Any CPU
		{98056012-1AE5-47E4-AC30-0EF8DA25F637}.Debug|x64.Build.0 = Debug|Any CPU
		{98056012-1AE5-47E4-AC30-0EF8DA25F637}.Debug|x86.ActiveCfg = Debug|Any CPU
		{98056012-1AE5-47E4-AC30-0EF8DA25F637}.Debug|x86.Build.0 = Debug|Any CPU
		{98056012-1AE5-47E4-AC30-0EF8DA25F637}.Release|Any CPU.ActiveCfg = Release|Any CPU
		{98056012-1AE5-47E4-AC30-0EF8DA25F637}.Release|Any CPU.Build.0 = Release|Any CPU
		{98056012-1AE5-47E4-AC30-0EF8DA25F637}.Release|x64.ActiveCfg = Release|Any CPU
		{98056012-1AE5-47E4-AC30-0EF8DA25F637}.Release|x64.Build.0 = Release|Any CPU
		{98056012-1AE5-47E4-AC30-0EF8DA25F637}.Release|x86.ActiveCfg = Release|Any CPU
		{98056012-1AE5-47E4-AC30-0EF8DA25F637}.Release|x86.Build.0 = Release|Any CPU
		{A9A8BD9A-6318-4114-953E-4170A38BDB84}.Debug|Any CPU.ActiveCfg = Debug|Any CPU
		{A9A8BD9A-6318-4114-953E-4170A38BDB84}.Debug|Any CPU.Build.0 = Debug|Any CPU
		{A9A8BD9A-6318-4114-953E-4170A38BDB84}.Debug|x64.ActiveCfg = Debug|Any CPU
		{A9A8BD9A-6318-4114-953E-4170A38BDB84}.Debug|x64.Build.0 = Debug|Any CPU
		{A9A8BD9A-6318-4114-953E-4170A38BDB84}.Debug|x86.ActiveCfg = Debug|Any CPU
		{A9A8BD9A-6318-4114-953E-4170A38BDB84}.Debug|x86.Build.0 = Debug|Any CPU
		{A9A8BD9A-6318-4114-953E-4170A38BDB84}.Release|Any CPU.ActiveCfg = Release|Any CPU
		{A9A8BD9A-6318-4114-953E-4170A38BDB84}.Release|Any CPU.Build.0 = Release|Any CPU
		{A9A8BD9A-6318-4114-953E-4170A38BDB84}.Release|x64.ActiveCfg = Release|Any CPU
		{A9A8BD9A-6318-4114-953E-4170A38BDB84}.Release|x64.Build.0 = Release|Any CPU
		{A9A8BD9A-6318-4114-953E-4170A38BDB84}.Release|x86.ActiveCfg = Release|Any CPU
		{A9A8BD9A-6318-4114-953E-4170A38BDB84}.Release|x86.Build.0 = Release|Any CPU
		{11998D95-3474-4842-87EF-A999185A052B}.Debug|Any CPU.ActiveCfg = Debug|Any CPU
		{11998D95-3474-4842-87EF-A999185A052B}.Debug|Any CPU.Build.0 = Debug|Any CPU
		{11998D95-3474-4842-87EF-A999185A052B}.Debug|x64.ActiveCfg = Debug|Any CPU
		{11998D95-3474-4842-87EF-A999185A052B}.Debug|x64.Build.0 = Debug|Any CPU
		{11998D95-3474-4842-87EF-A999185A052B}.Debug|x86.ActiveCfg = Debug|Any CPU
		{11998D95-3474-4842-87EF-A999185A052B}.Debug|x86.Build.0 = Debug|Any CPU
		{11998D95-3474-4842-87EF-A999185A052B}.Release|Any CPU.ActiveCfg = Release|Any CPU
		{11998D95-3474-4842-87EF-A999185A052B}.Release|Any CPU.Build.0 = Release|Any CPU
		{11998D95-3474-4842-87EF-A999185A052B}.Release|x64.ActiveCfg = Release|Any CPU
		{11998D95-3474-4842-87EF-A999185A052B}.Release|x64.Build.0 = Release|Any CPU
		{11998D95-3474-4842-87EF-A999185A052B}.Release|x86.ActiveCfg = Release|Any CPU
		{11998D95-3474-4842-87EF-A999185A052B}.Release|x86.Build.0 = Release|Any CPU
		{84B2AAB0-839D-4561-8CED-C791ADACE21B}.Debug|Any CPU.ActiveCfg = Debug|Any CPU
		{84B2AAB0-839D-4561-8CED-C791ADACE21B}.Debug|Any CPU.Build.0 = Debug|Any CPU
		{84B2AAB0-839D-4561-8CED-C791ADACE21B}.Debug|x64.ActiveCfg = Debug|Any CPU
		{84B2AAB0-839D-4561-8CED-C791ADACE21B}.Debug|x64.Build.0 = Debug|Any CPU
		{84B2AAB0-839D-4561-8CED-C791ADACE21B}.Debug|x86.ActiveCfg = Debug|Any CPU
		{84B2AAB0-839D-4561-8CED-C791ADACE21B}.Debug|x86.Build.0 = Debug|Any CPU
		{84B2AAB0-839D-4561-8CED-C791ADACE21B}.Release|Any CPU.ActiveCfg = Release|Any CPU
		{84B2AAB0-839D-4561-8CED-C791ADACE21B}.Release|Any CPU.Build.0 = Release|Any CPU
		{84B2AAB0-839D-4561-8CED-C791ADACE21B}.Release|x64.ActiveCfg = Release|Any CPU
		{84B2AAB0-839D-4561-8CED-C791ADACE21B}.Release|x64.Build.0 = Release|Any CPU
		{84B2AAB0-839D-4561-8CED-C791ADACE21B}.Release|x86.ActiveCfg = Release|Any CPU
		{84B2AAB0-839D-4561-8CED-C791ADACE21B}.Release|x86.Build.0 = Release|Any CPU
		{FC34FBE8-E5D6-42DC-AEF7-51D581BD3204}.Debug|Any CPU.ActiveCfg = Debug|Any CPU
		{FC34FBE8-E5D6-42DC-AEF7-51D581BD3204}.Debug|Any CPU.Build.0 = Debug|Any CPU
		{FC34FBE8-E5D6-42DC-AEF7-51D581BD3204}.Debug|x64.ActiveCfg = Debug|Any CPU
		{FC34FBE8-E5D6-42DC-AEF7-51D581BD3204}.Debug|x64.Build.0 = Debug|Any CPU
		{FC34FBE8-E5D6-42DC-AEF7-51D581BD3204}.Debug|x86.ActiveCfg = Debug|Any CPU
		{FC34FBE8-E5D6-42DC-AEF7-51D581BD3204}.Debug|x86.Build.0 = Debug|Any CPU
		{FC34FBE8-E5D6-42DC-AEF7-51D581BD3204}.Release|Any CPU.ActiveCfg = Release|Any CPU
		{FC34FBE8-E5D6-42DC-AEF7-51D581BD3204}.Release|Any CPU.Build.0 = Release|Any CPU
		{FC34FBE8-E5D6-42DC-AEF7-51D581BD3204}.Release|x64.ActiveCfg = Release|Any CPU
		{FC34FBE8-E5D6-42DC-AEF7-51D581BD3204}.Release|x64.Build.0 = Release|Any CPU
		{FC34FBE8-E5D6-42DC-AEF7-51D581BD3204}.Release|x86.ActiveCfg = Release|Any CPU
		{FC34FBE8-E5D6-42DC-AEF7-51D581BD3204}.Release|x86.Build.0 = Release|Any CPU
		{20495B80-9725-4529-92DD-DC9D5D442B40}.Debug|Any CPU.ActiveCfg = Debug|Any CPU
		{20495B80-9725-4529-92DD-DC9D5D442B40}.Debug|Any CPU.Build.0 = Debug|Any CPU
		{20495B80-9725-4529-92DD-DC9D5D442B40}.Debug|Any CPU.Deploy.0 = Debug|Any CPU
		{20495B80-9725-4529-92DD-DC9D5D442B40}.Debug|x64.ActiveCfg = Debug|Any CPU
		{20495B80-9725-4529-92DD-DC9D5D442B40}.Debug|x64.Build.0 = Debug|Any CPU
		{20495B80-9725-4529-92DD-DC9D5D442B40}.Debug|x64.Deploy.0 = Debug|Any CPU
		{20495B80-9725-4529-92DD-DC9D5D442B40}.Debug|x86.ActiveCfg = Debug|Any CPU
		{20495B80-9725-4529-92DD-DC9D5D442B40}.Debug|x86.Build.0 = Debug|Any CPU
		{20495B80-9725-4529-92DD-DC9D5D442B40}.Debug|x86.Deploy.0 = Debug|Any CPU
		{20495B80-9725-4529-92DD-DC9D5D442B40}.Release|Any CPU.ActiveCfg = Release|Any CPU
		{20495B80-9725-4529-92DD-DC9D5D442B40}.Release|Any CPU.Build.0 = Release|Any CPU
		{20495B80-9725-4529-92DD-DC9D5D442B40}.Release|Any CPU.Deploy.0 = Release|Any CPU
		{20495B80-9725-4529-92DD-DC9D5D442B40}.Release|x64.ActiveCfg = Release|Any CPU
		{20495B80-9725-4529-92DD-DC9D5D442B40}.Release|x64.Build.0 = Release|Any CPU
		{20495B80-9725-4529-92DD-DC9D5D442B40}.Release|x64.Deploy.0 = Release|Any CPU
		{20495B80-9725-4529-92DD-DC9D5D442B40}.Release|x86.ActiveCfg = Release|Any CPU
		{20495B80-9725-4529-92DD-DC9D5D442B40}.Release|x86.Build.0 = Release|Any CPU
		{20495B80-9725-4529-92DD-DC9D5D442B40}.Release|x86.Deploy.0 = Release|Any CPU
		{8D8FA416-9D58-4D44-BB86-867AFF3CCB7F}.Debug|Any CPU.ActiveCfg = Debug|Any CPU
		{8D8FA416-9D58-4D44-BB86-867AFF3CCB7F}.Debug|Any CPU.Build.0 = Debug|Any CPU
		{8D8FA416-9D58-4D44-BB86-867AFF3CCB7F}.Debug|x64.ActiveCfg = Debug|Any CPU
		{8D8FA416-9D58-4D44-BB86-867AFF3CCB7F}.Debug|x64.Build.0 = Debug|Any CPU
		{8D8FA416-9D58-4D44-BB86-867AFF3CCB7F}.Debug|x86.ActiveCfg = Debug|Any CPU
		{8D8FA416-9D58-4D44-BB86-867AFF3CCB7F}.Debug|x86.Build.0 = Debug|Any CPU
		{8D8FA416-9D58-4D44-BB86-867AFF3CCB7F}.Release|Any CPU.ActiveCfg = Release|Any CPU
		{8D8FA416-9D58-4D44-BB86-867AFF3CCB7F}.Release|Any CPU.Build.0 = Release|Any CPU
		{8D8FA416-9D58-4D44-BB86-867AFF3CCB7F}.Release|x64.ActiveCfg = Release|Any CPU
		{8D8FA416-9D58-4D44-BB86-867AFF3CCB7F}.Release|x64.Build.0 = Release|Any CPU
		{8D8FA416-9D58-4D44-BB86-867AFF3CCB7F}.Release|x86.ActiveCfg = Release|Any CPU
		{8D8FA416-9D58-4D44-BB86-867AFF3CCB7F}.Release|x86.Build.0 = Release|Any CPU
		{6BC66EF2-3245-4F06-B418-A9D12CA07A9C}.Debug|Any CPU.ActiveCfg = Debug|Any CPU
		{6BC66EF2-3245-4F06-B418-A9D12CA07A9C}.Debug|Any CPU.Build.0 = Debug|Any CPU
		{6BC66EF2-3245-4F06-B418-A9D12CA07A9C}.Debug|x64.ActiveCfg = Debug|Any CPU
		{6BC66EF2-3245-4F06-B418-A9D12CA07A9C}.Debug|x64.Build.0 = Debug|Any CPU
		{6BC66EF2-3245-4F06-B418-A9D12CA07A9C}.Debug|x86.ActiveCfg = Debug|Any CPU
		{6BC66EF2-3245-4F06-B418-A9D12CA07A9C}.Debug|x86.Build.0 = Debug|Any CPU
		{6BC66EF2-3245-4F06-B418-A9D12CA07A9C}.Release|Any CPU.ActiveCfg = Release|Any CPU
		{6BC66EF2-3245-4F06-B418-A9D12CA07A9C}.Release|Any CPU.Build.0 = Release|Any CPU
		{6BC66EF2-3245-4F06-B418-A9D12CA07A9C}.Release|x64.ActiveCfg = Release|Any CPU
		{6BC66EF2-3245-4F06-B418-A9D12CA07A9C}.Release|x64.Build.0 = Release|Any CPU
		{6BC66EF2-3245-4F06-B418-A9D12CA07A9C}.Release|x86.ActiveCfg = Release|Any CPU
		{6BC66EF2-3245-4F06-B418-A9D12CA07A9C}.Release|x86.Build.0 = Release|Any CPU
		{205A4B52-896E-4F41-8F6C-BC31252F13B2}.Debug|Any CPU.ActiveCfg = Debug|Any CPU
		{205A4B52-896E-4F41-8F6C-BC31252F13B2}.Debug|Any CPU.Build.0 = Debug|Any CPU
		{205A4B52-896E-4F41-8F6C-BC31252F13B2}.Debug|x64.ActiveCfg = Debug|Any CPU
		{205A4B52-896E-4F41-8F6C-BC31252F13B2}.Debug|x64.Build.0 = Debug|Any CPU
		{205A4B52-896E-4F41-8F6C-BC31252F13B2}.Debug|x86.ActiveCfg = Debug|Any CPU
		{205A4B52-896E-4F41-8F6C-BC31252F13B2}.Debug|x86.Build.0 = Debug|Any CPU
		{205A4B52-896E-4F41-8F6C-BC31252F13B2}.Release|Any CPU.ActiveCfg = Release|Any CPU
		{205A4B52-896E-4F41-8F6C-BC31252F13B2}.Release|Any CPU.Build.0 = Release|Any CPU
		{205A4B52-896E-4F41-8F6C-BC31252F13B2}.Release|x64.ActiveCfg = Release|Any CPU
		{205A4B52-896E-4F41-8F6C-BC31252F13B2}.Release|x64.Build.0 = Release|Any CPU
		{205A4B52-896E-4F41-8F6C-BC31252F13B2}.Release|x86.ActiveCfg = Release|Any CPU
		{205A4B52-896E-4F41-8F6C-BC31252F13B2}.Release|x86.Build.0 = Release|Any CPU
		{717992D3-F287-460F-91A1-0682649436E7}.Debug|Any CPU.ActiveCfg = Debug|Any CPU
		{717992D3-F287-460F-91A1-0682649436E7}.Debug|Any CPU.Build.0 = Debug|Any CPU
		{717992D3-F287-460F-91A1-0682649436E7}.Debug|x64.ActiveCfg = Debug|Any CPU
		{717992D3-F287-460F-91A1-0682649436E7}.Debug|x64.Build.0 = Debug|Any CPU
		{717992D3-F287-460F-91A1-0682649436E7}.Debug|x86.ActiveCfg = Debug|Any CPU
		{717992D3-F287-460F-91A1-0682649436E7}.Debug|x86.Build.0 = Debug|Any CPU
		{717992D3-F287-460F-91A1-0682649436E7}.Release|Any CPU.ActiveCfg = Release|Any CPU
		{717992D3-F287-460F-91A1-0682649436E7}.Release|Any CPU.Build.0 = Release|Any CPU
		{717992D3-F287-460F-91A1-0682649436E7}.Release|x64.ActiveCfg = Release|Any CPU
		{717992D3-F287-460F-91A1-0682649436E7}.Release|x64.Build.0 = Release|Any CPU
		{717992D3-F287-460F-91A1-0682649436E7}.Release|x86.ActiveCfg = Release|Any CPU
		{717992D3-F287-460F-91A1-0682649436E7}.Release|x86.Build.0 = Release|Any CPU
		{D7691564-1D52-4C3D-8C03-963596F32EB0}.Debug|Any CPU.ActiveCfg = Debug|Any CPU
		{D7691564-1D52-4C3D-8C03-963596F32EB0}.Debug|Any CPU.Build.0 = Debug|Any CPU
		{D7691564-1D52-4C3D-8C03-963596F32EB0}.Debug|x64.ActiveCfg = Debug|Any CPU
		{D7691564-1D52-4C3D-8C03-963596F32EB0}.Debug|x64.Build.0 = Debug|Any CPU
		{D7691564-1D52-4C3D-8C03-963596F32EB0}.Debug|x86.ActiveCfg = Debug|Any CPU
		{D7691564-1D52-4C3D-8C03-963596F32EB0}.Debug|x86.Build.0 = Debug|Any CPU
		{D7691564-1D52-4C3D-8C03-963596F32EB0}.Release|Any CPU.ActiveCfg = Release|Any CPU
		{D7691564-1D52-4C3D-8C03-963596F32EB0}.Release|Any CPU.Build.0 = Release|Any CPU
		{D7691564-1D52-4C3D-8C03-963596F32EB0}.Release|x64.ActiveCfg = Release|Any CPU
		{D7691564-1D52-4C3D-8C03-963596F32EB0}.Release|x64.Build.0 = Release|Any CPU
		{D7691564-1D52-4C3D-8C03-963596F32EB0}.Release|x86.ActiveCfg = Release|Any CPU
		{D7691564-1D52-4C3D-8C03-963596F32EB0}.Release|x86.Build.0 = Release|Any CPU
		{4A8D6FAF-E662-46CA-ADE3-DC8E0CE280A2}.Debug|Any CPU.ActiveCfg = Debug|Any CPU
		{4A8D6FAF-E662-46CA-ADE3-DC8E0CE280A2}.Debug|Any CPU.Build.0 = Debug|Any CPU
		{4A8D6FAF-E662-46CA-ADE3-DC8E0CE280A2}.Debug|x64.ActiveCfg = Debug|Any CPU
		{4A8D6FAF-E662-46CA-ADE3-DC8E0CE280A2}.Debug|x64.Build.0 = Debug|Any CPU
		{4A8D6FAF-E662-46CA-ADE3-DC8E0CE280A2}.Debug|x86.ActiveCfg = Debug|Any CPU
		{4A8D6FAF-E662-46CA-ADE3-DC8E0CE280A2}.Debug|x86.Build.0 = Debug|Any CPU
		{4A8D6FAF-E662-46CA-ADE3-DC8E0CE280A2}.Release|Any CPU.ActiveCfg = Release|Any CPU
		{4A8D6FAF-E662-46CA-ADE3-DC8E0CE280A2}.Release|Any CPU.Build.0 = Release|Any CPU
		{4A8D6FAF-E662-46CA-ADE3-DC8E0CE280A2}.Release|x64.ActiveCfg = Release|Any CPU
		{4A8D6FAF-E662-46CA-ADE3-DC8E0CE280A2}.Release|x64.Build.0 = Release|Any CPU
		{4A8D6FAF-E662-46CA-ADE3-DC8E0CE280A2}.Release|x86.ActiveCfg = Release|Any CPU
		{4A8D6FAF-E662-46CA-ADE3-DC8E0CE280A2}.Release|x86.Build.0 = Release|Any CPU
		{5C05C3C6-F0DE-4FE9-8496-85343E59054D}.Debug|Any CPU.ActiveCfg = Debug|Any CPU
		{5C05C3C6-F0DE-4FE9-8496-85343E59054D}.Debug|Any CPU.Build.0 = Debug|Any CPU
		{5C05C3C6-F0DE-4FE9-8496-85343E59054D}.Debug|x64.ActiveCfg = Debug|Any CPU
		{5C05C3C6-F0DE-4FE9-8496-85343E59054D}.Debug|x64.Build.0 = Debug|Any CPU
		{5C05C3C6-F0DE-4FE9-8496-85343E59054D}.Debug|x86.ActiveCfg = Debug|Any CPU
		{5C05C3C6-F0DE-4FE9-8496-85343E59054D}.Debug|x86.Build.0 = Debug|Any CPU
		{5C05C3C6-F0DE-4FE9-8496-85343E59054D}.Release|Any CPU.ActiveCfg = Release|Any CPU
		{5C05C3C6-F0DE-4FE9-8496-85343E59054D}.Release|Any CPU.Build.0 = Release|Any CPU
		{5C05C3C6-F0DE-4FE9-8496-85343E59054D}.Release|x64.ActiveCfg = Release|Any CPU
		{5C05C3C6-F0DE-4FE9-8496-85343E59054D}.Release|x64.Build.0 = Release|Any CPU
		{5C05C3C6-F0DE-4FE9-8496-85343E59054D}.Release|x86.ActiveCfg = Release|Any CPU
		{5C05C3C6-F0DE-4FE9-8496-85343E59054D}.Release|x86.Build.0 = Release|Any CPU
		{D78A96F1-C5BD-4B23-B0FC-9FA1BC0E55C1}.Debug|Any CPU.ActiveCfg = Debug|Any CPU
		{D78A96F1-C5BD-4B23-B0FC-9FA1BC0E55C1}.Debug|Any CPU.Build.0 = Debug|Any CPU
		{D78A96F1-C5BD-4B23-B0FC-9FA1BC0E55C1}.Debug|x64.ActiveCfg = Debug|Any CPU
		{D78A96F1-C5BD-4B23-B0FC-9FA1BC0E55C1}.Debug|x64.Build.0 = Debug|Any CPU
		{D78A96F1-C5BD-4B23-B0FC-9FA1BC0E55C1}.Debug|x86.ActiveCfg = Debug|Any CPU
		{D78A96F1-C5BD-4B23-B0FC-9FA1BC0E55C1}.Debug|x86.Build.0 = Debug|Any CPU
		{D78A96F1-C5BD-4B23-B0FC-9FA1BC0E55C1}.Release|Any CPU.ActiveCfg = Release|Any CPU
		{D78A96F1-C5BD-4B23-B0FC-9FA1BC0E55C1}.Release|Any CPU.Build.0 = Release|Any CPU
		{D78A96F1-C5BD-4B23-B0FC-9FA1BC0E55C1}.Release|x64.ActiveCfg = Release|Any CPU
		{D78A96F1-C5BD-4B23-B0FC-9FA1BC0E55C1}.Release|x64.Build.0 = Release|Any CPU
		{D78A96F1-C5BD-4B23-B0FC-9FA1BC0E55C1}.Release|x86.ActiveCfg = Release|Any CPU
		{D78A96F1-C5BD-4B23-B0FC-9FA1BC0E55C1}.Release|x86.Build.0 = Release|Any CPU
		{963D5490-5AF0-4C6E-947D-268DF5BF6097}.Debug|Any CPU.ActiveCfg = Debug|Any CPU
		{963D5490-5AF0-4C6E-947D-268DF5BF6097}.Debug|Any CPU.Build.0 = Debug|Any CPU
		{963D5490-5AF0-4C6E-947D-268DF5BF6097}.Debug|x64.ActiveCfg = Debug|Any CPU
		{963D5490-5AF0-4C6E-947D-268DF5BF6097}.Debug|x64.Build.0 = Debug|Any CPU
		{963D5490-5AF0-4C6E-947D-268DF5BF6097}.Debug|x86.ActiveCfg = Debug|Any CPU
		{963D5490-5AF0-4C6E-947D-268DF5BF6097}.Debug|x86.Build.0 = Debug|Any CPU
		{963D5490-5AF0-4C6E-947D-268DF5BF6097}.Release|Any CPU.ActiveCfg = Release|Any CPU
		{963D5490-5AF0-4C6E-947D-268DF5BF6097}.Release|Any CPU.Build.0 = Release|Any CPU
		{963D5490-5AF0-4C6E-947D-268DF5BF6097}.Release|x64.ActiveCfg = Release|Any CPU
		{963D5490-5AF0-4C6E-947D-268DF5BF6097}.Release|x64.Build.0 = Release|Any CPU
		{963D5490-5AF0-4C6E-947D-268DF5BF6097}.Release|x86.ActiveCfg = Release|Any CPU
		{963D5490-5AF0-4C6E-947D-268DF5BF6097}.Release|x86.Build.0 = Release|Any CPU
	EndGlobalSection
	GlobalSection(SolutionProperties) = preSolution
		HideSolutionNode = FALSE
	EndGlobalSection
	GlobalSection(NestedProjects) = preSolution
		{4C0287BC-6C56-48D1-BD20-CC892901A417} = {00BC700D-D438-46D4-8AFA-6B3B9ABC0EFF}
		{F51D297F-F633-4EF8-981D-A3CCBB540379} = {251F69F5-1FF2-4AE1-8CC0-7D05684D8C51}
		{7F8841A3-EE80-437B-A9ED-A5360BE41563} = {91300A3B-963A-4745-AFDE-D3B691B3EAFD}
		{8F3FD654-154F-4B40-9DDC-74F5C088A6F6} = {91300A3B-963A-4745-AFDE-D3B691B3EAFD}
		{14CEA4E3-65CA-4233-B811-3E0E593D7AF0} = {91300A3B-963A-4745-AFDE-D3B691B3EAFD}
		{39843CD2-F1A3-42CC-8890-20ADECC023CD} = {91300A3B-963A-4745-AFDE-D3B691B3EAFD}
		{B469475B-61F5-4810-8303-611D6145F362} = {91300A3B-963A-4745-AFDE-D3B691B3EAFD}
		{109768F0-B3FF-438B-A99A-F5E2861918B1} = {7F8841A3-EE80-437B-A9ED-A5360BE41563}
		{60900D13-4313-4D9C-A9F2-81C3FD99E6F2} = {251F69F5-1FF2-4AE1-8CC0-7D05684D8C51}
		{98056012-1AE5-47E4-AC30-0EF8DA25F637} = {251F69F5-1FF2-4AE1-8CC0-7D05684D8C51}
		{A9A8BD9A-6318-4114-953E-4170A38BDB84} = {F51D297F-F633-4EF8-981D-A3CCBB540379}
		{11998D95-3474-4842-87EF-A999185A052B} = {F51D297F-F633-4EF8-981D-A3CCBB540379}
		{84B2AAB0-839D-4561-8CED-C791ADACE21B} = {00BC700D-D438-46D4-8AFA-6B3B9ABC0EFF}
		{FC34FBE8-E5D6-42DC-AEF7-51D581BD3204} = {00BC700D-D438-46D4-8AFA-6B3B9ABC0EFF}
		{20495B80-9725-4529-92DD-DC9D5D442B40} = {00BC700D-D438-46D4-8AFA-6B3B9ABC0EFF}
		{8D8FA416-9D58-4D44-BB86-867AFF3CCB7F} = {00BC700D-D438-46D4-8AFA-6B3B9ABC0EFF}
		{6BC66EF2-3245-4F06-B418-A9D12CA07A9C} = {4C0287BC-6C56-48D1-BD20-CC892901A417}
		{205A4B52-896E-4F41-8F6C-BC31252F13B2} = {251F69F5-1FF2-4AE1-8CC0-7D05684D8C51}
		{717992D3-F287-460F-91A1-0682649436E7} = {9E69AAE0-CC53-4D10-B291-0786A6C74A60}
		{A7771F6C-CBB1-4FEF-922B-A885A871C975} = {9E69AAE0-CC53-4D10-B291-0786A6C74A60}
		{D7691564-1D52-4C3D-8C03-963596F32EB0} = {7F8841A3-EE80-437B-A9ED-A5360BE41563}
		{4A8D6FAF-E662-46CA-ADE3-DC8E0CE280A2} = {7F8841A3-EE80-437B-A9ED-A5360BE41563}
		{5C05C3C6-F0DE-4FE9-8496-85343E59054D} = {7F8841A3-EE80-437B-A9ED-A5360BE41563}
		{D78A96F1-C5BD-4B23-B0FC-9FA1BC0E55C1} = {4C0287BC-6C56-48D1-BD20-CC892901A417}
		{963D5490-5AF0-4C6E-947D-268DF5BF6097} = {00BC700D-D438-46D4-8AFA-6B3B9ABC0EFF}
	EndGlobalSection
	GlobalSection(ExtensibilityGlobals) = postSolution
		SolutionGuid = {BE9D991B-4614-4352-A46C-AE19F239535E}
	EndGlobalSection
EndGlobal
