
Microsoft Visual Studio Solution File, Format Version 12.00
# Visual Studio Version 17
VisualStudioVersion = 17.1.32319.34
MinimumVisualStudioVersion = 15.0.26124.0
Project("{9A19103F-16F7-4668-BE54-9A1E7A4F7556}") = "SFA.DAS.Roatp.CourseManagement.Web", "SFA.DAS.Roatp.CourseManagement.Web\SFA.DAS.Roatp.CourseManagement.Web.csproj", "{0565A2D0-36F4-4718-B99A-67088A7E015D}"
EndProject
Project("{2150E333-8FDC-42A3-9474-1A3956D46DE8}") = "Tests", "Tests", "{4DA0BD44-7EAF-4A26-9429-CEB896441533}"
EndProject
Project("{FAE04EC0-301F-11D3-BF4B-00C04F79EFBC}") = "SFA.DAS.Roatp.CourseManagement.Web.UnitTests", "SFA.DAS.Roatp.CourseManagement.Web.UnitTests\SFA.DAS.Roatp.CourseManagement.Web.UnitTests.csproj", "{228DCAC9-FFA3-450C-9841-12B92925FCC4}"
EndProject
Global
	GlobalSection(SolutionConfigurationPlatforms) = preSolution
		Debug|Any CPU = Debug|Any CPU
		Debug|x64 = Debug|x64
		Debug|x86 = Debug|x86
		Release|Any CPU = Release|Any CPU
		Release|x64 = Release|x64
		Release|x86 = Release|x86
	EndGlobalSection
	GlobalSection(ProjectConfigurationPlatforms) = postSolution
		{0565A2D0-36F4-4718-B99A-67088A7E015D}.Debug|Any CPU.ActiveCfg = Debug|Any CPU
		{0565A2D0-36F4-4718-B99A-67088A7E015D}.Debug|Any CPU.Build.0 = Debug|Any CPU
		{0565A2D0-36F4-4718-B99A-67088A7E015D}.Debug|x64.ActiveCfg = Debug|Any CPU
		{0565A2D0-36F4-4718-B99A-67088A7E015D}.Debug|x64.Build.0 = Debug|Any CPU
		{0565A2D0-36F4-4718-B99A-67088A7E015D}.Debug|x86.ActiveCfg = Debug|Any CPU
		{0565A2D0-36F4-4718-B99A-67088A7E015D}.Debug|x86.Build.0 = Debug|Any CPU
		{0565A2D0-36F4-4718-B99A-67088A7E015D}.Release|Any CPU.ActiveCfg = Release|Any CPU
		{0565A2D0-36F4-4718-B99A-67088A7E015D}.Release|Any CPU.Build.0 = Release|Any CPU
		{0565A2D0-36F4-4718-B99A-67088A7E015D}.Release|x64.ActiveCfg = Release|Any CPU
		{0565A2D0-36F4-4718-B99A-67088A7E015D}.Release|x64.Build.0 = Release|Any CPU
		{0565A2D0-36F4-4718-B99A-67088A7E015D}.Release|x86.ActiveCfg = Release|Any CPU
		{0565A2D0-36F4-4718-B99A-67088A7E015D}.Release|x86.Build.0 = Release|Any CPU
		{228DCAC9-FFA3-450C-9841-12B92925FCC4}.Debug|Any CPU.ActiveCfg = Debug|Any CPU
		{228DCAC9-FFA3-450C-9841-12B92925FCC4}.Debug|Any CPU.Build.0 = Debug|Any CPU
		{228DCAC9-FFA3-450C-9841-12B92925FCC4}.Debug|x64.ActiveCfg = Debug|Any CPU
		{228DCAC9-FFA3-450C-9841-12B92925FCC4}.Debug|x64.Build.0 = Debug|Any CPU
		{228DCAC9-FFA3-450C-9841-12B92925FCC4}.Debug|x86.ActiveCfg = Debug|Any CPU
		{228DCAC9-FFA3-450C-9841-12B92925FCC4}.Debug|x86.Build.0 = Debug|Any CPU
		{228DCAC9-FFA3-450C-9841-12B92925FCC4}.Release|Any CPU.ActiveCfg = Release|Any CPU
		{228DCAC9-FFA3-450C-9841-12B92925FCC4}.Release|Any CPU.Build.0 = Release|Any CPU
		{228DCAC9-FFA3-450C-9841-12B92925FCC4}.Release|x64.ActiveCfg = Release|Any CPU
		{228DCAC9-FFA3-450C-9841-12B92925FCC4}.Release|x64.Build.0 = Release|Any CPU
		{228DCAC9-FFA3-450C-9841-12B92925FCC4}.Release|x86.ActiveCfg = Release|Any CPU
		{228DCAC9-FFA3-450C-9841-12B92925FCC4}.Release|x86.Build.0 = Release|Any CPU
	EndGlobalSection
	GlobalSection(SolutionProperties) = preSolution
		HideSolutionNode = FALSE
	EndGlobalSection
	GlobalSection(NestedProjects) = preSolution
		{228DCAC9-FFA3-450C-9841-12B92925FCC4} = {4DA0BD44-7EAF-4A26-9429-CEB896441533}
	EndGlobalSection
	GlobalSection(ExtensibilityGlobals) = postSolution
		SolutionGuid = {5646885E-22ED-4E14-82BC-9AC1F9660899}
	EndGlobalSection
EndGlobal
