
Microsoft Visual Studio Solution File, Format Version 12.00
# Visual Studio Version 16
VisualStudioVersion = 16.0.31911.196
MinimumVisualStudioVersion = 15.0.26124.0
Project("{9A19103F-16F7-4668-BE54-9A1E7A4F7556}") = "SFA.DAS.Roatp.CourseManagement.Web", "SFA.DAS.Roatp.CourseManagement.Web\SFA.DAS.Roatp.CourseManagement.Web.csproj", "{0565A2D0-36F4-4718-B99A-67088A7E015D}"
EndProject
Project("{2150E333-8FDC-42A3-9474-1A3956D46DE8}") = "Tests", "Tests", "{4DA0BD44-7EAF-4A26-9429-CEB896441533}"
EndProject
Project("{9A19103F-16F7-4668-BE54-9A1E7A4F7556}") = "SFA.DAS.Roatp.CourseManagement.Web.UnitTests", "SFA.DAS.Roatp.CourseManagement.Web.UnitTests\SFA.DAS.Roatp.CourseManagement.Web.UnitTests.csproj", "{228DCAC9-FFA3-450C-9841-12B92925FCC4}"
EndProject
Project("{9A19103F-16F7-4668-BE54-9A1E7A4F7556}") = "SFA.DAS.Roatp.CourseManagement.Domain", "SFA.DAS.Roatp.CourseManagement.Domain\SFA.DAS.Roatp.CourseManagement.Domain.csproj", "{74273673-33DE-4B33-BE14-CD562ED4D8A3}"
EndProject
Project("{9A19103F-16F7-4668-BE54-9A1E7A4F7556}") = "SFA.DAS.Roatp.CourseManagement.Application", "SFA.DAS.Roatp.CourseManagement.Application\SFA.DAS.Roatp.CourseManagement.Application.csproj", "{E99D568B-A7BB-4AB1-B9AD-3F288253ECB7}"
EndProject
Project("{9A19103F-16F7-4668-BE54-9A1E7A4F7556}") = "SFA.DAS.Roatp.CourseManagement.Infrastructure", "SFA.DAS.Roatp.CourseManagement.Infrastructure\SFA.DAS.Roatp.CourseManagement.Infrastructure.csproj", "{C8A75774-54D6-42D1-9C01-4D2FF7798D15}"
EndProject
Project("{FAE04EC0-301F-11D3-BF4B-00C04F79EFBC}") = "SFA.DAS.Roatp.CourseManagement.Application.UnitTests", "SFA.DAS.Roatp.CourseManagement.Application.UnitTests\SFA.DAS.Roatp.CourseManagement.Application.UnitTests.csproj", "{62F5339C-7EEA-4BE2-9F6D-D4CD5281B045}"
EndProject
Project("{FAE04EC0-301F-11D3-BF4B-00C04F79EFBC}") = "SFA.DAS.Roatp.CourseManagement.Domain.UnitTests", "SFA.DAS.Roatp.CourseManagement.Domain.UnitTests\SFA.DAS.Roatp.CourseManagement.Domain.UnitTests.csproj", "{8ECAAD0B-2DD7-4F7D-BD15-A5A90236821D}"
EndProject
Project("{FAE04EC0-301F-11D3-BF4B-00C04F79EFBC}") = "SFA.DAS.Roatp.CourseManagement.Infrastructure.UnitTests", "SFA.DAS.Roatp.CourseManagement.Infrastructure.UnitTests\SFA.DAS.Roatp.CourseManagement.Infrastructure.UnitTests.csproj", "{DF3ABE23-443A-4789-8459-2ADA7F5662A8}"
EndProject
Global
	GlobalSection(SolutionConfigurationPlatforms) = preSolution
		Debug|Any CPU = Debug|Any CPU
		Debug|x64 = Debug|x64
		Debug|x86 = Debug|x86
		Release|Any CPU = Release|Any CPU
		Release|x64 = Release|x64
		Release|x86 = Release|x86
	EndGlobalSection
	GlobalSection(ProjectConfigurationPlatforms) = postSolution
		{0565A2D0-36F4-4718-B99A-67088A7E015D}.Debug|Any CPU.ActiveCfg = Debug|Any CPU
		{0565A2D0-36F4-4718-B99A-67088A7E015D}.Debug|Any CPU.Build.0 = Debug|Any CPU
		{0565A2D0-36F4-4718-B99A-67088A7E015D}.Debug|x64.ActiveCfg = Debug|Any CPU
		{0565A2D0-36F4-4718-B99A-67088A7E015D}.Debug|x64.Build.0 = Debug|Any CPU
		{0565A2D0-36F4-4718-B99A-67088A7E015D}.Debug|x86.ActiveCfg = Debug|Any CPU
		{0565A2D0-36F4-4718-B99A-67088A7E015D}.Debug|x86.Build.0 = Debug|Any CPU
		{0565A2D0-36F4-4718-B99A-67088A7E015D}.Release|Any CPU.ActiveCfg = Release|Any CPU
		{0565A2D0-36F4-4718-B99A-67088A7E015D}.Release|Any CPU.Build.0 = Release|Any CPU
		{0565A2D0-36F4-4718-B99A-67088A7E015D}.Release|x64.ActiveCfg = Release|Any CPU
		{0565A2D0-36F4-4718-B99A-67088A7E015D}.Release|x64.Build.0 = Release|Any CPU
		{0565A2D0-36F4-4718-B99A-67088A7E015D}.Release|x86.ActiveCfg = Release|Any CPU
		{0565A2D0-36F4-4718-B99A-67088A7E015D}.Release|x86.Build.0 = Release|Any CPU
		{228DCAC9-FFA3-450C-9841-12B92925FCC4}.Debug|Any CPU.ActiveCfg = Debug|Any CPU
		{228DCAC9-FFA3-450C-9841-12B92925FCC4}.Debug|Any CPU.Build.0 = Debug|Any CPU
		{228DCAC9-FFA3-450C-9841-12B92925FCC4}.Debug|x64.ActiveCfg = Debug|Any CPU
		{228DCAC9-FFA3-450C-9841-12B92925FCC4}.Debug|x64.Build.0 = Debug|Any CPU
		{228DCAC9-FFA3-450C-9841-12B92925FCC4}.Debug|x86.ActiveCfg = Debug|Any CPU
		{228DCAC9-FFA3-450C-9841-12B92925FCC4}.Debug|x86.Build.0 = Debug|Any CPU
		{228DCAC9-FFA3-450C-9841-12B92925FCC4}.Release|Any CPU.ActiveCfg = Release|Any CPU
		{228DCAC9-FFA3-450C-9841-12B92925FCC4}.Release|Any CPU.Build.0 = Release|Any CPU
		{228DCAC9-FFA3-450C-9841-12B92925FCC4}.Release|x64.ActiveCfg = Release|Any CPU
		{228DCAC9-FFA3-450C-9841-12B92925FCC4}.Release|x64.Build.0 = Release|Any CPU
		{228DCAC9-FFA3-450C-9841-12B92925FCC4}.Release|x86.ActiveCfg = Release|Any CPU
		{228DCAC9-FFA3-450C-9841-12B92925FCC4}.Release|x86.Build.0 = Release|Any CPU
		{74273673-33DE-4B33-BE14-CD562ED4D8A3}.Debug|Any CPU.ActiveCfg = Debug|Any CPU
		{74273673-33DE-4B33-BE14-CD562ED4D8A3}.Debug|Any CPU.Build.0 = Debug|Any CPU
		{74273673-33DE-4B33-BE14-CD562ED4D8A3}.Debug|x64.ActiveCfg = Debug|Any CPU
		{74273673-33DE-4B33-BE14-CD562ED4D8A3}.Debug|x64.Build.0 = Debug|Any CPU
		{74273673-33DE-4B33-BE14-CD562ED4D8A3}.Debug|x86.ActiveCfg = Debug|Any CPU
		{74273673-33DE-4B33-BE14-CD562ED4D8A3}.Debug|x86.Build.0 = Debug|Any CPU
		{74273673-33DE-4B33-BE14-CD562ED4D8A3}.Release|Any CPU.ActiveCfg = Release|Any CPU
		{74273673-33DE-4B33-BE14-CD562ED4D8A3}.Release|Any CPU.Build.0 = Release|Any CPU
		{74273673-33DE-4B33-BE14-CD562ED4D8A3}.Release|x64.ActiveCfg = Release|Any CPU
		{74273673-33DE-4B33-BE14-CD562ED4D8A3}.Release|x64.Build.0 = Release|Any CPU
		{74273673-33DE-4B33-BE14-CD562ED4D8A3}.Release|x86.ActiveCfg = Release|Any CPU
		{74273673-33DE-4B33-BE14-CD562ED4D8A3}.Release|x86.Build.0 = Release|Any CPU
		{E99D568B-A7BB-4AB1-B9AD-3F288253ECB7}.Debug|Any CPU.ActiveCfg = Debug|Any CPU
		{E99D568B-A7BB-4AB1-B9AD-3F288253ECB7}.Debug|Any CPU.Build.0 = Debug|Any CPU
		{E99D568B-A7BB-4AB1-B9AD-3F288253ECB7}.Debug|x64.ActiveCfg = Debug|Any CPU
		{E99D568B-A7BB-4AB1-B9AD-3F288253ECB7}.Debug|x64.Build.0 = Debug|Any CPU
		{E99D568B-A7BB-4AB1-B9AD-3F288253ECB7}.Debug|x86.ActiveCfg = Debug|Any CPU
		{E99D568B-A7BB-4AB1-B9AD-3F288253ECB7}.Debug|x86.Build.0 = Debug|Any CPU
		{E99D568B-A7BB-4AB1-B9AD-3F288253ECB7}.Release|Any CPU.ActiveCfg = Release|Any CPU
		{E99D568B-A7BB-4AB1-B9AD-3F288253ECB7}.Release|Any CPU.Build.0 = Release|Any CPU
		{E99D568B-A7BB-4AB1-B9AD-3F288253ECB7}.Release|x64.ActiveCfg = Release|Any CPU
		{E99D568B-A7BB-4AB1-B9AD-3F288253ECB7}.Release|x64.Build.0 = Release|Any CPU
		{E99D568B-A7BB-4AB1-B9AD-3F288253ECB7}.Release|x86.ActiveCfg = Release|Any CPU
		{E99D568B-A7BB-4AB1-B9AD-3F288253ECB7}.Release|x86.Build.0 = Release|Any CPU
		{C8A75774-54D6-42D1-9C01-4D2FF7798D15}.Debug|Any CPU.ActiveCfg = Debug|Any CPU
		{C8A75774-54D6-42D1-9C01-4D2FF7798D15}.Debug|Any CPU.Build.0 = Debug|Any CPU
		{C8A75774-54D6-42D1-9C01-4D2FF7798D15}.Debug|x64.ActiveCfg = Debug|Any CPU
		{C8A75774-54D6-42D1-9C01-4D2FF7798D15}.Debug|x64.Build.0 = Debug|Any CPU
		{C8A75774-54D6-42D1-9C01-4D2FF7798D15}.Debug|x86.ActiveCfg = Debug|Any CPU
		{C8A75774-54D6-42D1-9C01-4D2FF7798D15}.Debug|x86.Build.0 = Debug|Any CPU
		{C8A75774-54D6-42D1-9C01-4D2FF7798D15}.Release|Any CPU.ActiveCfg = Release|Any CPU
		{C8A75774-54D6-42D1-9C01-4D2FF7798D15}.Release|Any CPU.Build.0 = Release|Any CPU
		{C8A75774-54D6-42D1-9C01-4D2FF7798D15}.Release|x64.ActiveCfg = Release|Any CPU
		{C8A75774-54D6-42D1-9C01-4D2FF7798D15}.Release|x64.Build.0 = Release|Any CPU
		{C8A75774-54D6-42D1-9C01-4D2FF7798D15}.Release|x86.ActiveCfg = Release|Any CPU
		{C8A75774-54D6-42D1-9C01-4D2FF7798D15}.Release|x86.Build.0 = Release|Any CPU
		{62F5339C-7EEA-4BE2-9F6D-D4CD5281B045}.Debug|Any CPU.ActiveCfg = Debug|Any CPU
		{62F5339C-7EEA-4BE2-9F6D-D4CD5281B045}.Debug|Any CPU.Build.0 = Debug|Any CPU
		{62F5339C-7EEA-4BE2-9F6D-D4CD5281B045}.Debug|x64.ActiveCfg = Debug|Any CPU
		{62F5339C-7EEA-4BE2-9F6D-D4CD5281B045}.Debug|x64.Build.0 = Debug|Any CPU
		{62F5339C-7EEA-4BE2-9F6D-D4CD5281B045}.Debug|x86.ActiveCfg = Debug|Any CPU
		{62F5339C-7EEA-4BE2-9F6D-D4CD5281B045}.Debug|x86.Build.0 = Debug|Any CPU
		{62F5339C-7EEA-4BE2-9F6D-D4CD5281B045}.Release|Any CPU.ActiveCfg = Release|Any CPU
		{62F5339C-7EEA-4BE2-9F6D-D4CD5281B045}.Release|Any CPU.Build.0 = Release|Any CPU
		{62F5339C-7EEA-4BE2-9F6D-D4CD5281B045}.Release|x64.ActiveCfg = Release|Any CPU
		{62F5339C-7EEA-4BE2-9F6D-D4CD5281B045}.Release|x64.Build.0 = Release|Any CPU
		{62F5339C-7EEA-4BE2-9F6D-D4CD5281B045}.Release|x86.ActiveCfg = Release|Any CPU
		{62F5339C-7EEA-4BE2-9F6D-D4CD5281B045}.Release|x86.Build.0 = Release|Any CPU
		{8ECAAD0B-2DD7-4F7D-BD15-A5A90236821D}.Debug|Any CPU.ActiveCfg = Debug|Any CPU
		{8ECAAD0B-2DD7-4F7D-BD15-A5A90236821D}.Debug|Any CPU.Build.0 = Debug|Any CPU
		{8ECAAD0B-2DD7-4F7D-BD15-A5A90236821D}.Debug|x64.ActiveCfg = Debug|Any CPU
		{8ECAAD0B-2DD7-4F7D-BD15-A5A90236821D}.Debug|x64.Build.0 = Debug|Any CPU
		{8ECAAD0B-2DD7-4F7D-BD15-A5A90236821D}.Debug|x86.ActiveCfg = Debug|Any CPU
		{8ECAAD0B-2DD7-4F7D-BD15-A5A90236821D}.Debug|x86.Build.0 = Debug|Any CPU
		{8ECAAD0B-2DD7-4F7D-BD15-A5A90236821D}.Release|Any CPU.ActiveCfg = Release|Any CPU
		{8ECAAD0B-2DD7-4F7D-BD15-A5A90236821D}.Release|Any CPU.Build.0 = Release|Any CPU
		{8ECAAD0B-2DD7-4F7D-BD15-A5A90236821D}.Release|x64.ActiveCfg = Release|Any CPU
		{8ECAAD0B-2DD7-4F7D-BD15-A5A90236821D}.Release|x64.Build.0 = Release|Any CPU
		{8ECAAD0B-2DD7-4F7D-BD15-A5A90236821D}.Release|x86.ActiveCfg = Release|Any CPU
		{8ECAAD0B-2DD7-4F7D-BD15-A5A90236821D}.Release|x86.Build.0 = Release|Any CPU
		{DF3ABE23-443A-4789-8459-2ADA7F5662A8}.Debug|Any CPU.ActiveCfg = Debug|Any CPU
		{DF3ABE23-443A-4789-8459-2ADA7F5662A8}.Debug|Any CPU.Build.0 = Debug|Any CPU
		{DF3ABE23-443A-4789-8459-2ADA7F5662A8}.Debug|x64.ActiveCfg = Debug|Any CPU
		{DF3ABE23-443A-4789-8459-2ADA7F5662A8}.Debug|x64.Build.0 = Debug|Any CPU
		{DF3ABE23-443A-4789-8459-2ADA7F5662A8}.Debug|x86.ActiveCfg = Debug|Any CPU
		{DF3ABE23-443A-4789-8459-2ADA7F5662A8}.Debug|x86.Build.0 = Debug|Any CPU
		{DF3ABE23-443A-4789-8459-2ADA7F5662A8}.Release|Any CPU.ActiveCfg = Release|Any CPU
		{DF3ABE23-443A-4789-8459-2ADA7F5662A8}.Release|Any CPU.Build.0 = Release|Any CPU
		{DF3ABE23-443A-4789-8459-2ADA7F5662A8}.Release|x64.ActiveCfg = Release|Any CPU
		{DF3ABE23-443A-4789-8459-2ADA7F5662A8}.Release|x64.Build.0 = Release|Any CPU
		{DF3ABE23-443A-4789-8459-2ADA7F5662A8}.Release|x86.ActiveCfg = Release|Any CPU
		{DF3ABE23-443A-4789-8459-2ADA7F5662A8}.Release|x86.Build.0 = Release|Any CPU
	EndGlobalSection
	GlobalSection(SolutionProperties) = preSolution
		HideSolutionNode = FALSE
	EndGlobalSection
	GlobalSection(NestedProjects) = preSolution
		{228DCAC9-FFA3-450C-9841-12B92925FCC4} = {4DA0BD44-7EAF-4A26-9429-CEB896441533}
		{62F5339C-7EEA-4BE2-9F6D-D4CD5281B045} = {4DA0BD44-7EAF-4A26-9429-CEB896441533}
		{8ECAAD0B-2DD7-4F7D-BD15-A5A90236821D} = {4DA0BD44-7EAF-4A26-9429-CEB896441533}
		{DF3ABE23-443A-4789-8459-2ADA7F5662A8} = {4DA0BD44-7EAF-4A26-9429-CEB896441533}
	EndGlobalSection
	GlobalSection(ExtensibilityGlobals) = postSolution
		SolutionGuid = {5646885E-22ED-4E14-82BC-9AC1F9660899}
	EndGlobalSection
EndGlobal
